
Microsoft Visual Studio Solution File, Format Version 12.00
# Visual Studio Version 17
VisualStudioVersion = 17.13.35825.156 d17.13
MinimumVisualStudioVersion = 10.0.40219.1
Project("{8BC9CEB8-8B4A-11D0-8D11-00A0C91BC942}") = "Plauge simulator", "Plauge simulator.vcxproj", "{000673DA-5750-483B-AB91-52BD9B9A1327}"
EndProject
Global
	GlobalSection(SolutionConfigurationPlatforms) = preSolution
		Debug|x64 = Debug|x64
		Debug|x86 = Debug|x86
		Release|x64 = Release|x64
		Release|x86 = Release|x86
	EndGlobalSection
	GlobalSection(ProjectConfigurationPlatforms) = postSolution
		{000673DA-5750-483B-AB91-52BD9B9A1327}.Debug|x64.ActiveCfg = Debug|x64
		{000673DA-5750-483B-AB91-52BD9B9A1327}.Debug|x64.Build.0 = Debug|x64
		{000673DA-5750-483B-AB91-52BD9B9A1327}.Debug|x86.ActiveCfg = Debug|Win32
		{000673DA-5750-483B-AB91-52BD9B9A1327}.Debug|x86.Build.0 = Debug|Win32
		{000673DA-5750-483B-AB91-52BD9B9A1327}.Release|x64.ActiveCfg = Release|x64
		{000673DA-5750-483B-AB91-52BD9B9A1327}.Release|x64.Build.0 = Release|x64
		{000673DA-5750-483B-AB91-52BD9B9A1327}.Release|x86.ActiveCfg = Release|Win32
		{000673DA-5750-483B-AB91-52BD9B9A1327}.Release|x86.Build.0 = Release|Win32
	EndGlobalSection
	GlobalSection(SolutionProperties) = preSolution
		HideSolutionNode = FALSE
	EndGlobalSection
	GlobalSection(ExtensibilityGlobals) = postSolution
		SolutionGuid = {BC117B91-E677-41FC-9E69-87DF4ACDB965}
	EndGlobalSection
EndGlobal
